
Microsoft Visual Studio Solution File, Format Version 12.00
# Visual Studio Version 16
VisualStudioVersion = 16.0.29905.134
MinimumVisualStudioVersion = 10.0.40219.1
Project("{9A19103F-16F7-4668-BE54-9A1E7A4F7556}") = "CompanyEmployees", "CompanyEmployees\CompanyEmployees.csproj", "{481B229A-6EC8-4277-9431-576B72CD09B1}"
EndProject
Project("{9A19103F-16F7-4668-BE54-9A1E7A4F7556}") = "Contracts", "Contracts\Contracts.csproj", "{64EAD767-748C-4EC2-831F-DD3B28429398}"
EndProject
Project("{9A19103F-16F7-4668-BE54-9A1E7A4F7556}") = "LoggerService", "LoggerService\LoggerService.csproj", "{294E16D3-5C08-4E0E-8AD4-EF5EF056CDA7}"
EndProject
Project("{9A19103F-16F7-4668-BE54-9A1E7A4F7556}") = "Entities", "Entities\Entities.csproj", "{A4F785D8-76AF-4C7C-ACDD-F80C5307E214}"
EndProject
Project("{FAE04EC0-301F-11D3-BF4B-00C04F79EFBC}") = "Repository", "Repository\Repository.csproj", "{53CFF297-5B24-4960-8A3E-712C8B36ED84}"
EndProject
Global
	GlobalSection(SolutionConfigurationPlatforms) = preSolution
		Debug|Any CPU = Debug|Any CPU
		Release|Any CPU = Release|Any CPU
	EndGlobalSection
	GlobalSection(ProjectConfigurationPlatforms) = postSolution
		{481B229A-6EC8-4277-9431-576B72CD09B1}.Debug|Any CPU.ActiveCfg = Debug|Any CPU
		{481B229A-6EC8-4277-9431-576B72CD09B1}.Debug|Any CPU.Build.0 = Debug|Any CPU
		{481B229A-6EC8-4277-9431-576B72CD09B1}.Release|Any CPU.ActiveCfg = Release|Any CPU
		{481B229A-6EC8-4277-9431-576B72CD09B1}.Release|Any CPU.Build.0 = Release|Any CPU
		{64EAD767-748C-4EC2-831F-DD3B28429398}.Debug|Any CPU.ActiveCfg = Debug|Any CPU
		{64EAD767-748C-4EC2-831F-DD3B28429398}.Debug|Any CPU.Build.0 = Debug|Any CPU
		{64EAD767-748C-4EC2-831F-DD3B28429398}.Release|Any CPU.ActiveCfg = Release|Any CPU
		{64EAD767-748C-4EC2-831F-DD3B28429398}.Release|Any CPU.Build.0 = Release|Any CPU
		{294E16D3-5C08-4E0E-8AD4-EF5EF056CDA7}.Debug|Any CPU.ActiveCfg = Debug|Any CPU
		{294E16D3-5C08-4E0E-8AD4-EF5EF056CDA7}.Debug|Any CPU.Build.0 = Debug|Any CPU
		{294E16D3-5C08-4E0E-8AD4-EF5EF056CDA7}.Release|Any CPU.ActiveCfg = Release|Any CPU
		{294E16D3-5C08-4E0E-8AD4-EF5EF056CDA7}.Release|Any CPU.Build.0 = Release|Any CPU
		{A4F785D8-76AF-4C7C-ACDD-F80C5307E214}.Debug|Any CPU.ActiveCfg = Debug|Any CPU
		{A4F785D8-76AF-4C7C-ACDD-F80C5307E214}.Debug|Any CPU.Build.0 = Debug|Any CPU
		{A4F785D8-76AF-4C7C-ACDD-F80C5307E214}.Release|Any CPU.ActiveCfg = Release|Any CPU
		{A4F785D8-76AF-4C7C-ACDD-F80C5307E214}.Release|Any CPU.Build.0 = Release|Any CPU
		{53CFF297-5B24-4960-8A3E-712C8B36ED84}.Debug|Any CPU.ActiveCfg = Debug|Any CPU
		{53CFF297-5B24-4960-8A3E-712C8B36ED84}.Debug|Any CPU.Build.0 = Debug|Any CPU
		{53CFF297-5B24-4960-8A3E-712C8B36ED84}.Release|Any CPU.ActiveCfg = Release|Any CPU
		{53CFF297-5B24-4960-8A3E-712C8B36ED84}.Release|Any CPU.Build.0 = Release|Any CPU
	EndGlobalSection
	GlobalSection(SolutionProperties) = preSolution
		HideSolutionNode = FALSE
	EndGlobalSection
	GlobalSection(ExtensibilityGlobals) = postSolution
		SolutionGuid = {7859F3B4-653C-4A63-AF75-CD01CDB008BC}
	EndGlobalSection
EndGlobal
