
Microsoft Visual Studio Solution File, Format Version 12.00
# Visual Studio Version 16
VisualStudioVersion = 16.0.29920.165
MinimumVisualStudioVersion = 10.0.40219.1
Project("{FAE04EC0-301F-11D3-BF4B-00C04F79EFBC}") = "UI", "TableGatewayTask\UI.csproj", "{FF760B7A-A828-4A70-AE76-674D15B0379A}"
EndProject
Project("{FAE04EC0-301F-11D3-BF4B-00C04F79EFBC}") = "DataAccessLayer", "DataAccessLayer\DataAccessLayer.csproj", "{EE0707CA-06D2-4122-B93E-D679AED615B8}"
EndProject
Project("{FAE04EC0-301F-11D3-BF4B-00C04F79EFBC}") = "BusinessLogicLayer", "BusinessLogicLayer\BusinessLogicLayer.csproj", "{A2866DF9-4D30-4D67-8191-D31EDE98F9C3}"
EndProject
Global
	GlobalSection(SolutionConfigurationPlatforms) = preSolution
		Debug|Any CPU = Debug|Any CPU
		Release|Any CPU = Release|Any CPU
	EndGlobalSection
	GlobalSection(ProjectConfigurationPlatforms) = postSolution
		{FF760B7A-A828-4A70-AE76-674D15B0379A}.Debug|Any CPU.ActiveCfg = Debug|Any CPU
		{FF760B7A-A828-4A70-AE76-674D15B0379A}.Debug|Any CPU.Build.0 = Debug|Any CPU
		{FF760B7A-A828-4A70-AE76-674D15B0379A}.Release|Any CPU.ActiveCfg = Release|Any CPU
		{FF760B7A-A828-4A70-AE76-674D15B0379A}.Release|Any CPU.Build.0 = Release|Any CPU
		{EE0707CA-06D2-4122-B93E-D679AED615B8}.Debug|Any CPU.ActiveCfg = Debug|Any CPU
		{EE0707CA-06D2-4122-B93E-D679AED615B8}.Debug|Any CPU.Build.0 = Debug|Any CPU
		{EE0707CA-06D2-4122-B93E-D679AED615B8}.Release|Any CPU.ActiveCfg = Release|Any CPU
		{EE0707CA-06D2-4122-B93E-D679AED615B8}.Release|Any CPU.Build.0 = Release|Any CPU
		{A2866DF9-4D30-4D67-8191-D31EDE98F9C3}.Debug|Any CPU.ActiveCfg = Debug|Any CPU
		{A2866DF9-4D30-4D67-8191-D31EDE98F9C3}.Debug|Any CPU.Build.0 = Debug|Any CPU
		{A2866DF9-4D30-4D67-8191-D31EDE98F9C3}.Release|Any CPU.ActiveCfg = Release|Any CPU
		{A2866DF9-4D30-4D67-8191-D31EDE98F9C3}.Release|Any CPU.Build.0 = Release|Any CPU
	EndGlobalSection
	GlobalSection(SolutionProperties) = preSolution
		HideSolutionNode = FALSE
	EndGlobalSection
	GlobalSection(ExtensibilityGlobals) = postSolution
		SolutionGuid = {D2288E6E-64A3-47BF-8248-6A333D1AE0BF}
	EndGlobalSection
EndGlobal
