
Microsoft Visual Studio Solution File, Format Version 12.00
# Visual Studio Version 16
VisualStudioVersion = 16.0.29709.97
MinimumVisualStudioVersion = 10.0.40219.1
Project("{FAE04EC0-301F-11D3-BF4B-00C04F79EFBC}") = "BinaryTreeTask", "BinaryTreeTask\BinaryTreeTask.csproj", "{EE49AA2A-FD89-48BF-AA33-B86ED54A2302}"
EndProject
Global
	GlobalSection(SolutionConfigurationPlatforms) = preSolution
		Debug|Any CPU = Debug|Any CPU
		Release|Any CPU = Release|Any CPU
	EndGlobalSection
	GlobalSection(ProjectConfigurationPlatforms) = postSolution
		{EE49AA2A-FD89-48BF-AA33-B86ED54A2302}.Debug|Any CPU.ActiveCfg = Debug|Any CPU
		{EE49AA2A-FD89-48BF-AA33-B86ED54A2302}.Debug|Any CPU.Build.0 = Debug|Any CPU
		{EE49AA2A-FD89-48BF-AA33-B86ED54A2302}.Release|Any CPU.ActiveCfg = Release|Any CPU
		{EE49AA2A-FD89-48BF-AA33-B86ED54A2302}.Release|Any CPU.Build.0 = Release|Any CPU
	EndGlobalSection
	GlobalSection(SolutionProperties) = preSolution
		HideSolutionNode = FALSE
	EndGlobalSection
	GlobalSection(ExtensibilityGlobals) = postSolution
		SolutionGuid = {125FF569-6AB1-4646-94F5-2B798BBAC15E}
	EndGlobalSection
EndGlobal
