
Microsoft Visual Studio Solution File, Format Version 12.00
# Visual Studio Version 16
VisualStudioVersion = 16.0.29709.97
MinimumVisualStudioVersion = 10.0.40219.1
Project("{FAE04EC0-301F-11D3-BF4B-00C04F79EFBC}") = "MatrixTask", "MatrixTask\MatrixTask.csproj", "{35CA067B-61B4-4C43-A1AD-FA8355083000}"
EndProject
Global
	GlobalSection(SolutionConfigurationPlatforms) = preSolution
		Debug|Any CPU = Debug|Any CPU
		Release|Any CPU = Release|Any CPU
	EndGlobalSection
	GlobalSection(ProjectConfigurationPlatforms) = postSolution
		{35CA067B-61B4-4C43-A1AD-FA8355083000}.Debug|Any CPU.ActiveCfg = Debug|Any CPU
		{35CA067B-61B4-4C43-A1AD-FA8355083000}.Debug|Any CPU.Build.0 = Debug|Any CPU
		{35CA067B-61B4-4C43-A1AD-FA8355083000}.Release|Any CPU.ActiveCfg = Release|Any CPU
		{35CA067B-61B4-4C43-A1AD-FA8355083000}.Release|Any CPU.Build.0 = Release|Any CPU
	EndGlobalSection
	GlobalSection(SolutionProperties) = preSolution
		HideSolutionNode = FALSE
	EndGlobalSection
	GlobalSection(ExtensibilityGlobals) = postSolution
		SolutionGuid = {D4C9310C-F910-4BA0-B643-B2EBDD125E2C}
	EndGlobalSection
EndGlobal
